// !$*UTF8*$!
{
	archiveVersion = 1;
	classes = {
	};
	objectVersion = 46;
	objects = {

/* Begin PBXBuildFile section */
		302208AB1DA4F0E50039AECE /* EnterScoreCollectionViewCell.swift in Sources */ = {isa = PBXBuildFile; fileRef = 302208AA1DA4F0E50039AECE /* EnterScoreCollectionViewCell.swift */; };
		3024A37D1D7175E90005804F /* AppDelegate.swift in Sources */ = {isa = PBXBuildFile; fileRef = 3024A37C1D7175E90005804F /* AppDelegate.swift */; };
		3024A3821D7175E90005804F /* Main.storyboard in Resources */ = {isa = PBXBuildFile; fileRef = 3024A3801D7175E90005804F /* Main.storyboard */; };
		3024A3851D7175E90005804F /* TuesdayGolfClub.xcdatamodeld in Sources */ = {isa = PBXBuildFile; fileRef = 3024A3831D7175E90005804F /* TuesdayGolfClub.xcdatamodeld */; };
		3024A3871D7175E90005804F /* Assets.xcassets in Resources */ = {isa = PBXBuildFile; fileRef = 3024A3861D7175E90005804F /* Assets.xcassets */; };
		3024A38A1D7175E90005804F /* LaunchScreen.storyboard in Resources */ = {isa = PBXBuildFile; fileRef = 3024A3881D7175E90005804F /* LaunchScreen.storyboard */; };
		3024A3931D75812D0005804F /* MemberGolferTableViewController.swift in Sources */ = {isa = PBXBuildFile; fileRef = 3024A3921D75812D0005804F /* MemberGolferTableViewController.swift */; };
		3024A3961D7598800005804F /* Golfer+CoreDataProperties.swift in Sources */ = {isa = PBXBuildFile; fileRef = 3024A3941D7598800005804F /* Golfer+CoreDataProperties.swift */; };
		3024A3971D7598800005804F /* Golfer.swift in Sources */ = {isa = PBXBuildFile; fileRef = 3024A3951D7598800005804F /* Golfer.swift */; };
		3024A39D1D76577E0005804F /* MemberTableViewCell.swift in Sources */ = {isa = PBXBuildFile; fileRef = 3024A39B1D76577E0005804F /* MemberTableViewCell.swift */; };
		3024A39E1D76577E0005804F /* MemberTableViewCell.xib in Resources */ = {isa = PBXBuildFile; fileRef = 3024A39C1D76577E0005804F /* MemberTableViewCell.xib */; };
		3024A3A01D7657C30005804F /* UIColor+CustomColors.swift in Sources */ = {isa = PBXBuildFile; fileRef = 3024A39F1D7657C30005804F /* UIColor+CustomColors.swift */; };
		309D02D21D8FE71200853626 /* EnterScoreViewController.swift in Sources */ = {isa = PBXBuildFile; fileRef = 309D02D11D8FE71200853626 /* EnterScoreViewController.swift */; };
		30C988941D79DB49009EC210 /* PlayersTableViewController.swift in Sources */ = {isa = PBXBuildFile; fileRef = 30C988931D79DB49009EC210 /* PlayersTableViewController.swift */; };
		30C988971D7A0E7C009EC210 /* Tournee+CoreDataProperties.swift in Sources */ = {isa = PBXBuildFile; fileRef = 30C988951D7A0E7C009EC210 /* Tournee+CoreDataProperties.swift */; };
		30C988981D7A0E7C009EC210 /* Tournee.swift in Sources */ = {isa = PBXBuildFile; fileRef = 30C988961D7A0E7C009EC210 /* Tournee.swift */; };
		30C988A01D824583009EC210 /* Alert.swift in Sources */ = {isa = PBXBuildFile; fileRef = 30C9889F1D824583009EC210 /* Alert.swift */; };
		30C988A21D82C571009EC210 /* today.swift in Sources */ = {isa = PBXBuildFile; fileRef = 30C988A11D82C571009EC210 /* today.swift */; };
		30CE1C171E22D6CE00A56B63 /* EnterScoreTVC.swift in Sources */ = {isa = PBXBuildFile; fileRef = 30CE1C161E22D6CE00A56B63 /* EnterScoreTVC.swift */; };
		30F8E6581E08A48A008CD83F /* AddGolfViewController.swift in Sources */ = {isa = PBXBuildFile; fileRef = 30F8E6571E08A48A008CD83F /* AddGolfViewController.swift */; };
/* End PBXBuildFile section */

/* Begin PBXFileReference section */
		302208AA1DA4F0E50039AECE /* EnterScoreCollectionViewCell.swift */ = {isa = PBXFileReference; fileEncoding = 4; lastKnownFileType = sourcecode.swift; path = EnterScoreCollectionViewCell.swift; sourceTree = "<group>"; };
		3024A3791D7175E90005804F /* TuesdayGolfClub.app */ = {isa = PBXFileReference; explicitFileType = wrapper.application; includeInIndex = 0; path = TuesdayGolfClub.app; sourceTree = BUILT_PRODUCTS_DIR; };
		3024A37C1D7175E90005804F /* AppDelegate.swift */ = {isa = PBXFileReference; lastKnownFileType = sourcecode.swift; path = AppDelegate.swift; sourceTree = "<group>"; };
		3024A3811D7175E90005804F /* Base */ = {isa = PBXFileReference; lastKnownFileType = file.storyboard; name = Base; path = Base.lproj/Main.storyboard; sourceTree = "<group>"; };
		3024A3841D7175E90005804F /* TuesdayGolfClub.xcdatamodel */ = {isa = PBXFileReference; lastKnownFileType = wrapper.xcdatamodel; path = TuesdayGolfClub.xcdatamodel; sourceTree = "<group>"; };
		3024A3861D7175E90005804F /* Assets.xcassets */ = {isa = PBXFileReference; lastKnownFileType = folder.assetcatalog; path = Assets.xcassets; sourceTree = "<group>"; };
		3024A3891D7175E90005804F /* Base */ = {isa = PBXFileReference; lastKnownFileType = file.storyboard; name = Base; path = Base.lproj/LaunchScreen.storyboard; sourceTree = "<group>"; };
		3024A38B1D7175E90005804F /* Info.plist */ = {isa = PBXFileReference; lastKnownFileType = text.plist.xml; path = Info.plist; sourceTree = "<group>"; };
		3024A3921D75812D0005804F /* MemberGolferTableViewController.swift */ = {isa = PBXFileReference; fileEncoding = 4; lastKnownFileType = sourcecode.swift; path = MemberGolferTableViewController.swift; sourceTree = "<group>"; };
		3024A3941D7598800005804F /* Golfer+CoreDataProperties.swift */ = {isa = PBXFileReference; fileEncoding = 4; lastKnownFileType = sourcecode.swift; path = "Golfer+CoreDataProperties.swift"; sourceTree = "<group>"; };
		3024A3951D7598800005804F /* Golfer.swift */ = {isa = PBXFileReference; fileEncoding = 4; lastKnownFileType = sourcecode.swift; path = Golfer.swift; sourceTree = "<group>"; };
		3024A39B1D76577E0005804F /* MemberTableViewCell.swift */ = {isa = PBXFileReference; fileEncoding = 4; lastKnownFileType = sourcecode.swift; path = MemberTableViewCell.swift; sourceTree = "<group>"; };
		3024A39C1D76577E0005804F /* MemberTableViewCell.xib */ = {isa = PBXFileReference; fileEncoding = 4; lastKnownFileType = file.xib; path = MemberTableViewCell.xib; sourceTree = "<group>"; };
		3024A39F1D7657C30005804F /* UIColor+CustomColors.swift */ = {isa = PBXFileReference; fileEncoding = 4; lastKnownFileType = sourcecode.swift; path = "UIColor+CustomColors.swift"; sourceTree = "<group>"; };
		309D02D11D8FE71200853626 /* EnterScoreViewController.swift */ = {isa = PBXFileReference; fileEncoding = 4; lastKnownFileType = sourcecode.swift; path = EnterScoreViewController.swift; sourceTree = "<group>"; };
		30C988931D79DB49009EC210 /* PlayersTableViewController.swift */ = {isa = PBXFileReference; fileEncoding = 4; lastKnownFileType = sourcecode.swift; path = PlayersTableViewController.swift; sourceTree = "<group>"; };
		30C988951D7A0E7C009EC210 /* Tournee+CoreDataProperties.swift */ = {isa = PBXFileReference; fileEncoding = 4; lastKnownFileType = sourcecode.swift; path = "Tournee+CoreDataProperties.swift"; sourceTree = "<group>"; };
		30C988961D7A0E7C009EC210 /* Tournee.swift */ = {isa = PBXFileReference; fileEncoding = 4; lastKnownFileType = sourcecode.swift; path = Tournee.swift; sourceTree = "<group>"; };
		30C9889F1D824583009EC210 /* Alert.swift */ = {isa = PBXFileReference; fileEncoding = 4; lastKnownFileType = sourcecode.swift; path = Alert.swift; sourceTree = "<group>"; };
		30C988A11D82C571009EC210 /* today.swift */ = {isa = PBXFileReference; fileEncoding = 4; lastKnownFileType = sourcecode.swift; path = today.swift; sourceTree = "<group>"; };
		30CE1C161E22D6CE00A56B63 /* EnterScoreTVC.swift */ = {isa = PBXFileReference; fileEncoding = 4; lastKnownFileType = sourcecode.swift; path = EnterScoreTVC.swift; sourceTree = "<group>"; };
		30F8E6571E08A48A008CD83F /* AddGolfViewController.swift */ = {isa = PBXFileReference; fileEncoding = 4; lastKnownFileType = sourcecode.swift; path = AddGolfViewController.swift; sourceTree = "<group>"; };
/* End PBXFileReference section */

/* Begin PBXFrameworksBuildPhase section */
		3024A3761D7175E90005804F /* Frameworks */ = {
			isa = PBXFrameworksBuildPhase;
			buildActionMask = 2147483647;
			files = (
			);
			runOnlyForDeploymentPostprocessing = 0;
		};
/* End PBXFrameworksBuildPhase section */

/* Begin PBXGroup section */
		3024A3701D7175E90005804F = {
			isa = PBXGroup;
			children = (
				3024A37B1D7175E90005804F /* TuesdayGolfClub */,
				3024A37A1D7175E90005804F /* Products */,
			);
			sourceTree = "<group>";
		};
		3024A37A1D7175E90005804F /* Products */ = {
			isa = PBXGroup;
			children = (
				3024A3791D7175E90005804F /* TuesdayGolfClub.app */,
			);
			name = Products;
			sourceTree = "<group>";
		};
		3024A37B1D7175E90005804F /* TuesdayGolfClub */ = {
			isa = PBXGroup;
			children = (
				3024A3981D7655DA0005804F /* Model */,
				3024A3991D7655FD0005804F /* View */,
				3024A39A1D76560A0005804F /* Controller */,
				3024A3911D71766F0005804F /* Supporting Files */,
			);
			path = TuesdayGolfClub;
			sourceTree = "<group>";
		};
		3024A3911D71766F0005804F /* Supporting Files */ = {
			isa = PBXGroup;
			children = (
				30C988A11D82C571009EC210 /* today.swift */,
				30C9889F1D824583009EC210 /* Alert.swift */,
				3024A39F1D7657C30005804F /* UIColor+CustomColors.swift */,
				3024A37C1D7175E90005804F /* AppDelegate.swift */,
				3024A3861D7175E90005804F /* Assets.xcassets */,
				3024A3881D7175E90005804F /* LaunchScreen.storyboard */,
				3024A38B1D7175E90005804F /* Info.plist */,
			);
			name = "Supporting Files";
			sourceTree = "<group>";
		};
		3024A3981D7655DA0005804F /* Model */ = {
			isa = PBXGroup;
			children = (
				30C988951D7A0E7C009EC210 /* Tournee+CoreDataProperties.swift */,
				30C988961D7A0E7C009EC210 /* Tournee.swift */,
				3024A3831D7175E90005804F /* TuesdayGolfClub.xcdatamodeld */,
				3024A3941D7598800005804F /* Golfer+CoreDataProperties.swift */,
				3024A3951D7598800005804F /* Golfer.swift */,
			);
			name = Model;
			sourceTree = "<group>";
		};
		3024A3991D7655FD0005804F /* View */ = {
			isa = PBXGroup;
			children = (
				3024A39B1D76577E0005804F /* MemberTableViewCell.swift */,
				3024A39C1D76577E0005804F /* MemberTableViewCell.xib */,
				3024A3801D7175E90005804F /* Main.storyboard */,
				302208AA1DA4F0E50039AECE /* EnterScoreCollectionViewCell.swift */,
			);
			name = View;
			sourceTree = "<group>";
		};
		3024A39A1D76560A0005804F /* Controller */ = {
			isa = PBXGroup;
			children = (
				30C988931D79DB49009EC210 /* PlayersTableViewController.swift */,
				3024A3921D75812D0005804F /* MemberGolferTableViewController.swift */,
				309D02D11D8FE71200853626 /* EnterScoreViewController.swift */,
				30F8E6571E08A48A008CD83F /* AddGolfViewController.swift */,
				30CE1C161E22D6CE00A56B63 /* EnterScoreTVC.swift */,
			);
			name = Controller;
			sourceTree = "<group>";
		};
/* End PBXGroup section */

/* Begin PBXNativeTarget section */
		3024A3781D7175E90005804F /* TuesdayGolfClub */ = {
			isa = PBXNativeTarget;
			buildConfigurationList = 3024A38E1D7175E90005804F /* Build configuration list for PBXNativeTarget "TuesdayGolfClub" */;
			buildPhases = (
				3024A3751D7175E90005804F /* Sources */,
				3024A3761D7175E90005804F /* Frameworks */,
				3024A3771D7175E90005804F /* Resources */,
			);
			buildRules = (
			);
			dependencies = (
			);
			name = TuesdayGolfClub;
			productName = TuesdayGolfClub;
			productReference = 3024A3791D7175E90005804F /* TuesdayGolfClub.app */;
			productType = "com.apple.product-type.application";
		};
/* End PBXNativeTarget section */

/* Begin PBXProject section */
		3024A3711D7175E90005804F /* Project object */ = {
			isa = PBXProject;
			attributes = {
				LastSwiftUpdateCheck = 0730;
				LastUpgradeCheck = 0820;
				ORGANIZATIONNAME = "AKA Consultants";
				TargetAttributes = {
					3024A3781D7175E90005804F = {
						CreatedOnToolsVersion = 7.3;
						LastSwiftMigration = 0820;
					};
				};
			};
			buildConfigurationList = 3024A3741D7175E90005804F /* Build configuration list for PBXProject "TuesdayGolfClub" */;
			compatibilityVersion = "Xcode 3.2";
			developmentRegion = English;
			hasScannedForEncodings = 0;
			knownRegions = (
				en,
				Base,
			);
			mainGroup = 3024A3701D7175E90005804F;
			productRefGroup = 3024A37A1D7175E90005804F /* Products */;
			projectDirPath = "";
			projectRoot = "";
			targets = (
				3024A3781D7175E90005804F /* TuesdayGolfClub */,
			);
		};
/* End PBXProject section */

/* Begin PBXResourcesBuildPhase section */
		3024A3771D7175E90005804F /* Resources */ = {
			isa = PBXResourcesBuildPhase;
			buildActionMask = 2147483647;
			files = (
				3024A38A1D7175E90005804F /* LaunchScreen.storyboard in Resources */,
				3024A3871D7175E90005804F /* Assets.xcassets in Resources */,
				3024A3821D7175E90005804F /* Main.storyboard in Resources */,
				3024A39E1D76577E0005804F /* MemberTableViewCell.xib in Resources */,
			);
			runOnlyForDeploymentPostprocessing = 0;
		};
/* End PBXResourcesBuildPhase section */

/* Begin PBXSourcesBuildPhase section */
		3024A3751D7175E90005804F /* Sources */ = {
			isa = PBXSourcesBuildPhase;
			buildActionMask = 2147483647;
			files = (
				3024A3961D7598800005804F /* Golfer+CoreDataProperties.swift in Sources */,
				3024A39D1D76577E0005804F /* MemberTableViewCell.swift in Sources */,
				302208AB1DA4F0E50039AECE /* EnterScoreCollectionViewCell.swift in Sources */,
				3024A3931D75812D0005804F /* MemberGolferTableViewController.swift in Sources */,
				3024A3A01D7657C30005804F /* UIColor+CustomColors.swift in Sources */,
				30CE1C171E22D6CE00A56B63 /* EnterScoreTVC.swift in Sources */,
				30C988981D7A0E7C009EC210 /* Tournee.swift in Sources */,
				30C988941D79DB49009EC210 /* PlayersTableViewController.swift in Sources */,
				30F8E6581E08A48A008CD83F /* AddGolfViewController.swift in Sources */,
				30C988971D7A0E7C009EC210 /* Tournee+CoreDataProperties.swift in Sources */,
				30C988A21D82C571009EC210 /* today.swift in Sources */,
				3024A3971D7598800005804F /* Golfer.swift in Sources */,
				30C988A01D824583009EC210 /* Alert.swift in Sources */,
				3024A37D1D7175E90005804F /* AppDelegate.swift in Sources */,
				3024A3851D7175E90005804F /* TuesdayGolfClub.xcdatamodeld in Sources */,
				309D02D21D8FE71200853626 /* EnterScoreViewController.swift in Sources */,
			);
			runOnlyForDeploymentPostprocessing = 0;
		};
/* End PBXSourcesBuildPhase section */

/* Begin PBXVariantGroup section */
		3024A3801D7175E90005804F /* Main.storyboard */ = {
			isa = PBXVariantGroup;
			children = (
				3024A3811D7175E90005804F /* Base */,
			);
			name = Main.storyboard;
			sourceTree = "<group>";
		};
		3024A3881D7175E90005804F /* LaunchScreen.storyboard */ = {
			isa = PBXVariantGroup;
			children = (
				3024A3891D7175E90005804F /* Base */,
			);
			name = LaunchScreen.storyboard;
			sourceTree = "<group>";
		};
/* End PBXVariantGroup section */

/* Begin XCBuildConfiguration section */
		3024A38C1D7175E90005804F /* Debug */ = {
			isa = XCBuildConfiguration;
			buildSettings = {
				ALWAYS_SEARCH_USER_PATHS = NO;
				CLANG_ANALYZER_NONNULL = YES;
				CLANG_CXX_LANGUAGE_STANDARD = "gnu++0x";
				CLANG_CXX_LIBRARY = "libc++";
				CLANG_ENABLE_MODULES = YES;
				CLANG_ENABLE_OBJC_ARC = YES;
				CLANG_WARN_BOOL_CONVERSION = YES;
				CLANG_WARN_CONSTANT_CONVERSION = YES;
				CLANG_WARN_DIRECT_OBJC_ISA_USAGE = YES_ERROR;
				CLANG_WARN_EMPTY_BODY = YES;
				CLANG_WARN_ENUM_CONVERSION = YES;
				CLANG_WARN_INFINITE_RECURSION = YES;
				CLANG_WARN_INT_CONVERSION = YES;
				CLANG_WARN_OBJC_ROOT_CLASS = YES_ERROR;
				CLANG_WARN_SUSPICIOUS_MOVE = YES;
				CLANG_WARN_UNREACHABLE_CODE = YES;
				CLANG_WARN__DUPLICATE_METHOD_MATCH = YES;
				"CODE_SIGN_IDENTITY[sdk=iphoneos*]" = "iPhone Developer";
				COPY_PHASE_STRIP = NO;
				DEBUG_INFORMATION_FORMAT = dwarf;
				ENABLE_STRICT_OBJC_MSGSEND = YES;
				ENABLE_TESTABILITY = YES;
				GCC_C_LANGUAGE_STANDARD = gnu99;
				GCC_DYNAMIC_NO_PIC = NO;
				GCC_NO_COMMON_BLOCKS = YES;
				GCC_OPTIMIZATION_LEVEL = 0;
				GCC_PREPROCESSOR_DEFINITIONS = (
					"DEBUG=1",
					"$(inherited)",
				);
				GCC_WARN_64_TO_32_BIT_CONVERSION = YES;
				GCC_WARN_ABOUT_RETURN_TYPE = YES_ERROR;
				GCC_WARN_UNDECLARED_SELECTOR = YES;
				GCC_WARN_UNINITIALIZED_AUTOS = YES_AGGRESSIVE;
				GCC_WARN_UNUSED_FUNCTION = YES;
				GCC_WARN_UNUSED_VARIABLE = YES;
				IPHONEOS_DEPLOYMENT_TARGET = 9.3;
				MTL_ENABLE_DEBUG_INFO = YES;
				ONLY_ACTIVE_ARCH = YES;
				SDKROOT = iphoneos;
				SWIFT_OPTIMIZATION_LEVEL = "-Onone";
				TARGETED_DEVICE_FAMILY = "1,2";
			};
			name = Debug;
		};
		3024A38D1D7175E90005804F /* Release */ = {
			isa = XCBuildConfiguration;
			buildSettings = {
				ALWAYS_SEARCH_USER_PATHS = NO;
				CLANG_ANALYZER_NONNULL = YES;
				CLANG_CXX_LANGUAGE_STANDARD = "gnu++0x";
				CLANG_CXX_LIBRARY = "libc++";
				CLANG_ENABLE_MODULES = YES;
				CLANG_ENABLE_OBJC_ARC = YES;
				CLANG_WARN_BOOL_CONVERSION = YES;
				CLANG_WARN_CONSTANT_CONVERSION = YES;
				CLANG_WARN_DIRECT_OBJC_ISA_USAGE = YES_ERROR;
				CLANG_WARN_EMPTY_BODY = YES;
				CLANG_WARN_ENUM_CONVERSION = YES;
				CLANG_WARN_INFINITE_RECURSION = YES;
				CLANG_WARN_INT_CONVERSION = YES;
				CLANG_WARN_OBJC_ROOT_CLASS = YES_ERROR;
				CLANG_WARN_SUSPICIOUS_MOVE = YES;
				CLANG_WARN_UNREACHABLE_CODE = YES;
				CLANG_WARN__DUPLICATE_METHOD_MATCH = YES;
				"CODE_SIGN_IDENTITY[sdk=iphoneos*]" = "iPhone Developer";
				COPY_PHASE_STRIP = NO;
				DEBUG_INFORMATION_FORMAT = "dwarf-with-dsym";
				ENABLE_NS_ASSERTIONS = NO;
				ENABLE_STRICT_OBJC_MSGSEND = YES;
				GCC_C_LANGUAGE_STANDARD = gnu99;
				GCC_NO_COMMON_BLOCKS = YES;
				GCC_WARN_64_TO_32_BIT_CONVERSION = YES;
				GCC_WARN_ABOUT_RETURN_TYPE = YES_ERROR;
				GCC_WARN_UNDECLARED_SELECTOR = YES;
				GCC_WARN_UNINITIALIZED_AUTOS = YES_AGGRESSIVE;
				GCC_WARN_UNUSED_FUNCTION = YES;
				GCC_WARN_UNUSED_VARIABLE = YES;
				IPHONEOS_DEPLOYMENT_TARGET = 9.3;
				MTL_ENABLE_DEBUG_INFO = NO;
				SDKROOT = iphoneos;
				SWIFT_OPTIMIZATION_LEVEL = "-Owholemodule";
				TARGETED_DEVICE_FAMILY = "1,2";
				VALIDATE_PRODUCT = YES;
			};
			name = Release;
		};
		3024A38F1D7175E90005804F /* Debug */ = {
			isa = XCBuildConfiguration;
			buildSettings = {
				ASSETCATALOG_COMPILER_APPICON_NAME = AppIcon;
				CLANG_ENABLE_MODULES = YES;
				INFOPLIST_FILE = TuesdayGolfClub/Info.plist;
				LD_RUNPATH_SEARCH_PATHS = "$(inherited) @executable_path/Frameworks";
				PRODUCT_BUNDLE_IDENTIFIER = com.AKA.TuesdayGolfClub;
				PRODUCT_NAME = "$(TARGET_NAME)";
				SWIFT_OPTIMIZATION_LEVEL = "-Onone";
				SWIFT_VERSION = 3.0;
			};
			name = Debug;
		};
		3024A3901D7175E90005804F /* Release */ = {
			isa = XCBuildConfiguration;
			buildSettings = {
				ASSETCATALOG_COMPILER_APPICON_NAME = AppIcon;
				CLANG_ENABLE_MODULES = YES;
				INFOPLIST_FILE = TuesdayGolfClub/Info.plist;
				LD_RUNPATH_SEARCH_PATHS = "$(inherited) @executable_path/Frameworks";
				PRODUCT_BUNDLE_IDENTIFIER = com.AKA.TuesdayGolfClub;
				PRODUCT_NAME = "$(TARGET_NAME)";
				SWIFT_VERSION = 3.0;
			};
			name = Release;
		};
/* End XCBuildConfiguration section */

/* Begin XCConfigurationList section */
		3024A3741D7175E90005804F /* Build configuration list for PBXProject "TuesdayGolfClub" */ = {
			isa = XCConfigurationList;
			buildConfigurations = (
				3024A38C1D7175E90005804F /* Debug */,
				3024A38D1D7175E90005804F /* Release */,
			);
			defaultConfigurationIsVisible = 0;
			defaultConfigurationName = Release;
		};
		3024A38E1D7175E90005804F /* Build configuration list for PBXNativeTarget "TuesdayGolfClub" */ = {
			isa = XCConfigurationList;
			buildConfigurations = (
				3024A38F1D7175E90005804F /* Debug */,
				3024A3901D7175E90005804F /* Release */,
			);
			defaultConfigurationIsVisible = 0;
			defaultConfigurationName = Release;
		};
/* End XCConfigurationList section */

/* Begin XCVersionGroup section */
		3024A3831D7175E90005804F /* TuesdayGolfClub.xcdatamodeld */ = {
			isa = XCVersionGroup;
			children = (
				3024A3841D7175E90005804F /* TuesdayGolfClub.xcdatamodel */,
			);
			currentVersion = 3024A3841D7175E90005804F /* TuesdayGolfClub.xcdatamodel */;
			path = TuesdayGolfClub.xcdatamodeld;
			sourceTree = "<group>";
			versionGroupType = wrapper.xcdatamodel;
		};
/* End XCVersionGroup section */
	};
	rootObject = 3024A3711D7175E90005804F /* Project object */;
}
